// !$*UTF8*$!
{
	archiveVersion = 1;
	classes = {
	};
	objectVersion = 46;
	objects = {

/* Begin PBXBuildFile section */
		1C61782D29536F4AAA386E0B /* Pods_ReactiveFirebaseAuth.framework in Frameworks */ = {isa = PBXBuildFile; fileRef = 1C19753656E90AF7A403D39C /* Pods_ReactiveFirebaseAuth.framework */; };
		2002D0971E0CCB82005122AB /* FIRStorageObservableTask.swift in Sources */ = {isa = PBXBuildFile; fileRef = 2002D0961E0CCB82005122AB /* FIRStorageObservableTask.swift */; };
		205A92BA1E0244A6006597AF /* ReactiveFirebase.h in Headers */ = {isa = PBXBuildFile; fileRef = 205A92B81E0244A6006597AF /* ReactiveFirebase.h */; settings = {ATTRIBUTES = (Public, ); }; };
		205A92CA1E0244D9006597AF /* ReactiveFirebaseDatabase.h in Headers */ = {isa = PBXBuildFile; fileRef = 205A92C81E0244D9006597AF /* ReactiveFirebaseDatabase.h */; settings = {ATTRIBUTES = (Public, ); }; };
		205A92CF1E024538006597AF /* FIRDatabaseReference.swift in Sources */ = {isa = PBXBuildFile; fileRef = 205A92CE1E024538006597AF /* FIRDatabaseReference.swift */; };
		205A92DB1E02472B006597AF /* ReactiveFirebaseAuth.h in Headers */ = {isa = PBXBuildFile; fileRef = 205A92D91E02472B006597AF /* ReactiveFirebaseAuth.h */; settings = {ATTRIBUTES = (Public, ); }; };
		205A92E11E02473C006597AF /* FIRAuth.swift in Sources */ = {isa = PBXBuildFile; fileRef = 205A92DF1E02473C006597AF /* FIRAuth.swift */; };
		205A92E21E02473C006597AF /* FIRUser.swift in Sources */ = {isa = PBXBuildFile; fileRef = 205A92E01E02473C006597AF /* FIRUser.swift */; };
		205A92EC1E02474B006597AF /* ReactiveFirebaseStorage.h in Headers */ = {isa = PBXBuildFile; fileRef = 205A92EA1E02474B006597AF /* ReactiveFirebaseStorage.h */; settings = {ATTRIBUTES = (Public, ); }; };
		205A92F11E024754006597AF /* FIRStorageReference.swift in Sources */ = {isa = PBXBuildFile; fileRef = 205A92F01E024754006597AF /* FIRStorageReference.swift */; };
		20A20F5D1E0B27AD006F1629 /* FIRDatabaseQuery.swift in Sources */ = {isa = PBXBuildFile; fileRef = 20A20F5C1E0B27AD006F1629 /* FIRDatabaseQuery.swift */; };
		2FB826714B063BBB9BEAB2EA /* Pods_Auth.framework in Frameworks */ = {isa = PBXBuildFile; fileRef = 852007D8C6B885AB05749FA5 /* Pods_Auth.framework */; };
		3D59FACFD2C54A0DECF90409 /* Pods_ReactiveFirebaseDatabase.framework in Frameworks */ = {isa = PBXBuildFile; fileRef = 8274D5DECE7998A4350C1107 /* Pods_ReactiveFirebaseDatabase.framework */; };
		726D7F8700F011AF6FBF1C63 /* Pods_Database.framework in Frameworks */ = {isa = PBXBuildFile; fileRef = 33162C8BFFFFEF8D316156A5 /* Pods_Database.framework */; };
		A91029EE69CF904B2298056F /* Pods_ReactiveFirebaseStorage.framework in Frameworks */ = {isa = PBXBuildFile; fileRef = F4F80CB779F3E4FED9DF91BC /* Pods_ReactiveFirebaseStorage.framework */; };
		C49F1B112C2B82D7B1094CBE /* Pods_Storage.framework in Frameworks */ = {isa = PBXBuildFile; fileRef = EC6DF168FE96117CC697FB43 /* Pods_Storage.framework */; };
/* End PBXBuildFile section */

/* Begin PBXContainerItemProxy section */
		205A92D01E024574006597AF /* PBXContainerItemProxy */ = {
			isa = PBXContainerItemProxy;
			containerPortal = 205A92AC1E0244A6006597AF /* Project object */;
			proxyType = 1;
			remoteGlobalIDString = 205A92C51E0244D9006597AF;
			remoteInfo = ReactiveFirebaseDatabase;
		};
		205A92F21E02475C006597AF /* PBXContainerItemProxy */ = {
			isa = PBXContainerItemProxy;
			containerPortal = 205A92AC1E0244A6006597AF /* Project object */;
			proxyType = 1;
			remoteGlobalIDString = 205A92D61E02472B006597AF;
			remoteInfo = ReactiveFirebaseAuth;
		};
		205A92F41E02475C006597AF /* PBXContainerItemProxy */ = {
			isa = PBXContainerItemProxy;
			containerPortal = 205A92AC1E0244A6006597AF /* Project object */;
			proxyType = 1;
			remoteGlobalIDString = 205A92E71E02474B006597AF;
			remoteInfo = ReactiveFirebaseStorage;
		};
/* End PBXContainerItemProxy section */

/* Begin PBXCopyFilesBuildPhase section */
		205A93231E02F0AC006597AF /* CopyFiles */ = {
			isa = PBXCopyFilesBuildPhase;
			buildActionMask = 2147483647;
			dstPath = "include/$(PRODUCT_NAME)";
			dstSubfolderSpec = 16;
			files = (
			);
			runOnlyForDeploymentPostprocessing = 0;
		};
		205A93301E02F0B1006597AF /* CopyFiles */ = {
			isa = PBXCopyFilesBuildPhase;
			buildActionMask = 2147483647;
			dstPath = "include/$(PRODUCT_NAME)";
			dstSubfolderSpec = 16;
			files = (
			);
			runOnlyForDeploymentPostprocessing = 0;
		};
		205A933D1E02F0B5006597AF /* CopyFiles */ = {
			isa = PBXCopyFilesBuildPhase;
			buildActionMask = 2147483647;
			dstPath = "include/$(PRODUCT_NAME)";
			dstSubfolderSpec = 16;
			files = (
			);
			runOnlyForDeploymentPostprocessing = 0;
		};
/* End PBXCopyFilesBuildPhase section */

/* Begin PBXFileReference section */
		0E333209AC99FDF1B7463A65 /* Pods-Storage.debug.xcconfig */ = {isa = PBXFileReference; includeInIndex = 1; lastKnownFileType = text.xcconfig; name = "Pods-Storage.debug.xcconfig"; path = "Pods/Target Support Files/Pods-Storage/Pods-Storage.debug.xcconfig"; sourceTree = "<group>"; };
		1C19753656E90AF7A403D39C /* Pods_ReactiveFirebaseAuth.framework */ = {isa = PBXFileReference; explicitFileType = wrapper.framework; includeInIndex = 0; path = Pods_ReactiveFirebaseAuth.framework; sourceTree = BUILT_PRODUCTS_DIR; };
		2002D0961E0CCB82005122AB /* FIRStorageObservableTask.swift */ = {isa = PBXFileReference; fileEncoding = 4; lastKnownFileType = sourcecode.swift; path = FIRStorageObservableTask.swift; sourceTree = "<group>"; };
		205A92B51E0244A6006597AF /* ReactiveFirebase.framework */ = {isa = PBXFileReference; explicitFileType = wrapper.framework; includeInIndex = 0; path = ReactiveFirebase.framework; sourceTree = BUILT_PRODUCTS_DIR; };
		205A92B81E0244A6006597AF /* ReactiveFirebase.h */ = {isa = PBXFileReference; lastKnownFileType = sourcecode.c.h; path = ReactiveFirebase.h; sourceTree = "<group>"; };
		205A92B91E0244A6006597AF /* Info.plist */ = {isa = PBXFileReference; lastKnownFileType = text.plist.xml; path = Info.plist; sourceTree = "<group>"; };
		205A92C61E0244D9006597AF /* ReactiveFirebaseDatabase.framework */ = {isa = PBXFileReference; explicitFileType = wrapper.framework; includeInIndex = 0; path = ReactiveFirebaseDatabase.framework; sourceTree = BUILT_PRODUCTS_DIR; };
		205A92C81E0244D9006597AF /* ReactiveFirebaseDatabase.h */ = {isa = PBXFileReference; lastKnownFileType = sourcecode.c.h; path = ReactiveFirebaseDatabase.h; sourceTree = "<group>"; };
		205A92C91E0244D9006597AF /* Info.plist */ = {isa = PBXFileReference; lastKnownFileType = text.plist.xml; path = Info.plist; sourceTree = "<group>"; };
		205A92CE1E024538006597AF /* FIRDatabaseReference.swift */ = {isa = PBXFileReference; fileEncoding = 4; lastKnownFileType = sourcecode.swift; path = FIRDatabaseReference.swift; sourceTree = "<group>"; };
		205A92D71E02472B006597AF /* ReactiveFirebaseAuth.framework */ = {isa = PBXFileReference; explicitFileType = wrapper.framework; includeInIndex = 0; path = ReactiveFirebaseAuth.framework; sourceTree = BUILT_PRODUCTS_DIR; };
		205A92D91E02472B006597AF /* ReactiveFirebaseAuth.h */ = {isa = PBXFileReference; lastKnownFileType = sourcecode.c.h; path = ReactiveFirebaseAuth.h; sourceTree = "<group>"; };
		205A92DA1E02472B006597AF /* Info.plist */ = {isa = PBXFileReference; lastKnownFileType = text.plist.xml; path = Info.plist; sourceTree = "<group>"; };
		205A92DF1E02473C006597AF /* FIRAuth.swift */ = {isa = PBXFileReference; fileEncoding = 4; lastKnownFileType = sourcecode.swift; path = FIRAuth.swift; sourceTree = "<group>"; };
		205A92E01E02473C006597AF /* FIRUser.swift */ = {isa = PBXFileReference; fileEncoding = 4; lastKnownFileType = sourcecode.swift; path = FIRUser.swift; sourceTree = "<group>"; };
		205A92E81E02474B006597AF /* ReactiveFirebaseStorage.framework */ = {isa = PBXFileReference; explicitFileType = wrapper.framework; includeInIndex = 0; path = ReactiveFirebaseStorage.framework; sourceTree = BUILT_PRODUCTS_DIR; };
		205A92EA1E02474B006597AF /* ReactiveFirebaseStorage.h */ = {isa = PBXFileReference; lastKnownFileType = sourcecode.c.h; path = ReactiveFirebaseStorage.h; sourceTree = "<group>"; };
		205A92EB1E02474B006597AF /* Info.plist */ = {isa = PBXFileReference; lastKnownFileType = text.plist.xml; path = Info.plist; sourceTree = "<group>"; };
		205A92F01E024754006597AF /* FIRStorageReference.swift */ = {isa = PBXFileReference; fileEncoding = 4; lastKnownFileType = sourcecode.swift; path = FIRStorageReference.swift; sourceTree = "<group>"; };
		205A93251E02F0AC006597AF /* libAuth.a */ = {isa = PBXFileReference; explicitFileType = archive.ar; includeInIndex = 0; path = libAuth.a; sourceTree = BUILT_PRODUCTS_DIR; };
		205A93321E02F0B1006597AF /* libDatabase.a */ = {isa = PBXFileReference; explicitFileType = archive.ar; includeInIndex = 0; path = libDatabase.a; sourceTree = BUILT_PRODUCTS_DIR; };
		205A933F1E02F0B5006597AF /* libStorage.a */ = {isa = PBXFileReference; explicitFileType = archive.ar; includeInIndex = 0; path = libStorage.a; sourceTree = BUILT_PRODUCTS_DIR; };
		20A20F5C1E0B27AD006F1629 /* FIRDatabaseQuery.swift */ = {isa = PBXFileReference; fileEncoding = 4; lastKnownFileType = sourcecode.swift; path = FIRDatabaseQuery.swift; sourceTree = "<group>"; };
		33162C8BFFFFEF8D316156A5 /* Pods_Database.framework */ = {isa = PBXFileReference; explicitFileType = wrapper.framework; includeInIndex = 0; path = Pods_Database.framework; sourceTree = BUILT_PRODUCTS_DIR; };
		4E32F0819C16B8147D6680C6 /* Pods-ReactiveFirebaseDatabase.release.xcconfig */ = {isa = PBXFileReference; includeInIndex = 1; lastKnownFileType = text.xcconfig; name = "Pods-ReactiveFirebaseDatabase.release.xcconfig"; path = "Pods/Target Support Files/Pods-ReactiveFirebaseDatabase/Pods-ReactiveFirebaseDatabase.release.xcconfig"; sourceTree = "<group>"; };
		4EB005CBE5C30B0B28F7FF78 /* Pods-ReactiveFirebaseStorage.debug.xcconfig */ = {isa = PBXFileReference; includeInIndex = 1; lastKnownFileType = text.xcconfig; name = "Pods-ReactiveFirebaseStorage.debug.xcconfig"; path = "Pods/Target Support Files/Pods-ReactiveFirebaseStorage/Pods-ReactiveFirebaseStorage.debug.xcconfig"; sourceTree = "<group>"; };
		511CB236040F213A39AA9698 /* Pods-ReactiveFirebaseStorage.release.xcconfig */ = {isa = PBXFileReference; includeInIndex = 1; lastKnownFileType = text.xcconfig; name = "Pods-ReactiveFirebaseStorage.release.xcconfig"; path = "Pods/Target Support Files/Pods-ReactiveFirebaseStorage/Pods-ReactiveFirebaseStorage.release.xcconfig"; sourceTree = "<group>"; };
		5E94F2675AC9E3E6C0332D90 /* Pods-Storage.release.xcconfig */ = {isa = PBXFileReference; includeInIndex = 1; lastKnownFileType = text.xcconfig; name = "Pods-Storage.release.xcconfig"; path = "Pods/Target Support Files/Pods-Storage/Pods-Storage.release.xcconfig"; sourceTree = "<group>"; };
		8274D5DECE7998A4350C1107 /* Pods_ReactiveFirebaseDatabase.framework */ = {isa = PBXFileReference; explicitFileType = wrapper.framework; includeInIndex = 0; path = Pods_ReactiveFirebaseDatabase.framework; sourceTree = BUILT_PRODUCTS_DIR; };
		8515852B992EB63E16353166 /* Pods-ReactiveFirebaseAuth.debug.xcconfig */ = {isa = PBXFileReference; includeInIndex = 1; lastKnownFileType = text.xcconfig; name = "Pods-ReactiveFirebaseAuth.debug.xcconfig"; path = "Pods/Target Support Files/Pods-ReactiveFirebaseAuth/Pods-ReactiveFirebaseAuth.debug.xcconfig"; sourceTree = "<group>"; };
		852007D8C6B885AB05749FA5 /* Pods_Auth.framework */ = {isa = PBXFileReference; explicitFileType = wrapper.framework; includeInIndex = 0; path = Pods_Auth.framework; sourceTree = BUILT_PRODUCTS_DIR; };
		A395FFC33CD5EBEFE8AFAF1B /* Pods-Database.debug.xcconfig */ = {isa = PBXFileReference; includeInIndex = 1; lastKnownFileType = text.xcconfig; name = "Pods-Database.debug.xcconfig"; path = "Pods/Target Support Files/Pods-Database/Pods-Database.debug.xcconfig"; sourceTree = "<group>"; };
		A778873D171FFFF85AB2EB0F /* Pods-ReactiveFirebaseAuth.release.xcconfig */ = {isa = PBXFileReference; includeInIndex = 1; lastKnownFileType = text.xcconfig; name = "Pods-ReactiveFirebaseAuth.release.xcconfig"; path = "Pods/Target Support Files/Pods-ReactiveFirebaseAuth/Pods-ReactiveFirebaseAuth.release.xcconfig"; sourceTree = "<group>"; };
		B2DAA06ABBDD18E1D84AC98C /* Pods-Auth.release.xcconfig */ = {isa = PBXFileReference; includeInIndex = 1; lastKnownFileType = text.xcconfig; name = "Pods-Auth.release.xcconfig"; path = "Pods/Target Support Files/Pods-Auth/Pods-Auth.release.xcconfig"; sourceTree = "<group>"; };
		BF431ED92F33A2B42B619466 /* Pods-Auth.debug.xcconfig */ = {isa = PBXFileReference; includeInIndex = 1; lastKnownFileType = text.xcconfig; name = "Pods-Auth.debug.xcconfig"; path = "Pods/Target Support Files/Pods-Auth/Pods-Auth.debug.xcconfig"; sourceTree = "<group>"; };
		E7A24BAE4D93AA6204D5339F /* Pods-Database.release.xcconfig */ = {isa = PBXFileReference; includeInIndex = 1; lastKnownFileType = text.xcconfig; name = "Pods-Database.release.xcconfig"; path = "Pods/Target Support Files/Pods-Database/Pods-Database.release.xcconfig"; sourceTree = "<group>"; };
		EC6DF168FE96117CC697FB43 /* Pods_Storage.framework */ = {isa = PBXFileReference; explicitFileType = wrapper.framework; includeInIndex = 0; path = Pods_Storage.framework; sourceTree = BUILT_PRODUCTS_DIR; };
		F4F80CB779F3E4FED9DF91BC /* Pods_ReactiveFirebaseStorage.framework */ = {isa = PBXFileReference; explicitFileType = wrapper.framework; includeInIndex = 0; path = Pods_ReactiveFirebaseStorage.framework; sourceTree = BUILT_PRODUCTS_DIR; };
		FFF10DA00E7077C7D740CC8E /* Pods-ReactiveFirebaseDatabase.debug.xcconfig */ = {isa = PBXFileReference; includeInIndex = 1; lastKnownFileType = text.xcconfig; name = "Pods-ReactiveFirebaseDatabase.debug.xcconfig"; path = "Pods/Target Support Files/Pods-ReactiveFirebaseDatabase/Pods-ReactiveFirebaseDatabase.debug.xcconfig"; sourceTree = "<group>"; };
/* End PBXFileReference section */

/* Begin PBXFrameworksBuildPhase section */
		205A92B11E0244A6006597AF /* Frameworks */ = {
			isa = PBXFrameworksBuildPhase;
			buildActionMask = 2147483647;
			files = (
			);
			runOnlyForDeploymentPostprocessing = 0;
		};
		205A92C21E0244D9006597AF /* Frameworks */ = {
			isa = PBXFrameworksBuildPhase;
			buildActionMask = 2147483647;
			files = (
				3D59FACFD2C54A0DECF90409 /* Pods_ReactiveFirebaseDatabase.framework in Frameworks */,
			);
			runOnlyForDeploymentPostprocessing = 0;
		};
		205A92D31E02472B006597AF /* Frameworks */ = {
			isa = PBXFrameworksBuildPhase;
			buildActionMask = 2147483647;
			files = (
				1C61782D29536F4AAA386E0B /* Pods_ReactiveFirebaseAuth.framework in Frameworks */,
			);
			runOnlyForDeploymentPostprocessing = 0;
		};
		205A92E41E02474B006597AF /* Frameworks */ = {
			isa = PBXFrameworksBuildPhase;
			buildActionMask = 2147483647;
			files = (
				A91029EE69CF904B2298056F /* Pods_ReactiveFirebaseStorage.framework in Frameworks */,
			);
			runOnlyForDeploymentPostprocessing = 0;
		};
		205A93221E02F0AC006597AF /* Frameworks */ = {
			isa = PBXFrameworksBuildPhase;
			buildActionMask = 2147483647;
			files = (
				2FB826714B063BBB9BEAB2EA /* Pods_Auth.framework in Frameworks */,
			);
			runOnlyForDeploymentPostprocessing = 0;
		};
		205A932F1E02F0B1006597AF /* Frameworks */ = {
			isa = PBXFrameworksBuildPhase;
			buildActionMask = 2147483647;
			files = (
				726D7F8700F011AF6FBF1C63 /* Pods_Database.framework in Frameworks */,
			);
			runOnlyForDeploymentPostprocessing = 0;
		};
		205A933C1E02F0B5006597AF /* Frameworks */ = {
			isa = PBXFrameworksBuildPhase;
			buildActionMask = 2147483647;
			files = (
				C49F1B112C2B82D7B1094CBE /* Pods_Storage.framework in Frameworks */,
			);
			runOnlyForDeploymentPostprocessing = 0;
		};
/* End PBXFrameworksBuildPhase section */

/* Begin PBXGroup section */
		0C24D28C23BE893C5115A041 /* Pods */ = {
			isa = PBXGroup;
			children = (
				FFF10DA00E7077C7D740CC8E /* Pods-ReactiveFirebaseDatabase.debug.xcconfig */,
				4E32F0819C16B8147D6680C6 /* Pods-ReactiveFirebaseDatabase.release.xcconfig */,
				8515852B992EB63E16353166 /* Pods-ReactiveFirebaseAuth.debug.xcconfig */,
				A778873D171FFFF85AB2EB0F /* Pods-ReactiveFirebaseAuth.release.xcconfig */,
				4EB005CBE5C30B0B28F7FF78 /* Pods-ReactiveFirebaseStorage.debug.xcconfig */,
				511CB236040F213A39AA9698 /* Pods-ReactiveFirebaseStorage.release.xcconfig */,
				BF431ED92F33A2B42B619466 /* Pods-Auth.debug.xcconfig */,
				B2DAA06ABBDD18E1D84AC98C /* Pods-Auth.release.xcconfig */,
				A395FFC33CD5EBEFE8AFAF1B /* Pods-Database.debug.xcconfig */,
				E7A24BAE4D93AA6204D5339F /* Pods-Database.release.xcconfig */,
				0E333209AC99FDF1B7463A65 /* Pods-Storage.debug.xcconfig */,
				5E94F2675AC9E3E6C0332D90 /* Pods-Storage.release.xcconfig */,
			);
			name = Pods;
			sourceTree = "<group>";
		};
		205A92AB1E0244A6006597AF = {
			isa = PBXGroup;
			children = (
				205A92B71E0244A6006597AF /* ReactiveFirebase */,
				205A92C71E0244D9006597AF /* ReactiveFirebaseDatabase */,
				205A92D81E02472B006597AF /* ReactiveFirebaseAuth */,
				205A92E91E02474B006597AF /* ReactiveFirebaseStorage */,
				205A92B61E0244A6006597AF /* Products */,
				0C24D28C23BE893C5115A041 /* Pods */,
				3435732205ECFB2E9948A505 /* Frameworks */,
			);
			sourceTree = "<group>";
		};
		205A92B61E0244A6006597AF /* Products */ = {
			isa = PBXGroup;
			children = (
				205A92B51E0244A6006597AF /* ReactiveFirebase.framework */,
				205A92C61E0244D9006597AF /* ReactiveFirebaseDatabase.framework */,
				205A92D71E02472B006597AF /* ReactiveFirebaseAuth.framework */,
				205A92E81E02474B006597AF /* ReactiveFirebaseStorage.framework */,
				205A93251E02F0AC006597AF /* libAuth.a */,
				205A93321E02F0B1006597AF /* libDatabase.a */,
				205A933F1E02F0B5006597AF /* libStorage.a */,
			);
			name = Products;
			sourceTree = "<group>";
		};
		205A92B71E0244A6006597AF /* ReactiveFirebase */ = {
			isa = PBXGroup;
			children = (
				205A92B81E0244A6006597AF /* ReactiveFirebase.h */,
				205A92B91E0244A6006597AF /* Info.plist */,
			);
			path = ReactiveFirebase;
			sourceTree = "<group>";
		};
		205A92C71E0244D9006597AF /* ReactiveFirebaseDatabase */ = {
			isa = PBXGroup;
			children = (
				205A92CE1E024538006597AF /* FIRDatabaseReference.swift */,
				20A20F5C1E0B27AD006F1629 /* FIRDatabaseQuery.swift */,
				205A92C81E0244D9006597AF /* ReactiveFirebaseDatabase.h */,
				205A92C91E0244D9006597AF /* Info.plist */,
			);
			path = ReactiveFirebaseDatabase;
			sourceTree = "<group>";
		};
		205A92D81E02472B006597AF /* ReactiveFirebaseAuth */ = {
			isa = PBXGroup;
			children = (
				205A92DF1E02473C006597AF /* FIRAuth.swift */,
				205A92E01E02473C006597AF /* FIRUser.swift */,
				205A92D91E02472B006597AF /* ReactiveFirebaseAuth.h */,
				205A92DA1E02472B006597AF /* Info.plist */,
			);
			path = ReactiveFirebaseAuth;
			sourceTree = "<group>";
		};
		205A92E91E02474B006597AF /* ReactiveFirebaseStorage */ = {
			isa = PBXGroup;
			children = (
				205A92F01E024754006597AF /* FIRStorageReference.swift */,
				2002D0961E0CCB82005122AB /* FIRStorageObservableTask.swift */,
				205A92EA1E02474B006597AF /* ReactiveFirebaseStorage.h */,
				205A92EB1E02474B006597AF /* Info.plist */,
			);
			path = ReactiveFirebaseStorage;
			sourceTree = "<group>";
		};
		3435732205ECFB2E9948A505 /* Frameworks */ = {
			isa = PBXGroup;
			children = (
				8274D5DECE7998A4350C1107 /* Pods_ReactiveFirebaseDatabase.framework */,
				1C19753656E90AF7A403D39C /* Pods_ReactiveFirebaseAuth.framework */,
				F4F80CB779F3E4FED9DF91BC /* Pods_ReactiveFirebaseStorage.framework */,
				852007D8C6B885AB05749FA5 /* Pods_Auth.framework */,
				33162C8BFFFFEF8D316156A5 /* Pods_Database.framework */,
				EC6DF168FE96117CC697FB43 /* Pods_Storage.framework */,
			);
			name = Frameworks;
			sourceTree = "<group>";
		};
/* End PBXGroup section */

/* Begin PBXHeadersBuildPhase section */
		205A92B21E0244A6006597AF /* Headers */ = {
			isa = PBXHeadersBuildPhase;
			buildActionMask = 2147483647;
			files = (
				205A92BA1E0244A6006597AF /* ReactiveFirebase.h in Headers */,
			);
			runOnlyForDeploymentPostprocessing = 0;
		};
		205A92C31E0244D9006597AF /* Headers */ = {
			isa = PBXHeadersBuildPhase;
			buildActionMask = 2147483647;
			files = (
				205A92CA1E0244D9006597AF /* ReactiveFirebaseDatabase.h in Headers */,
			);
			runOnlyForDeploymentPostprocessing = 0;
		};
		205A92D41E02472B006597AF /* Headers */ = {
			isa = PBXHeadersBuildPhase;
			buildActionMask = 2147483647;
			files = (
				205A92DB1E02472B006597AF /* ReactiveFirebaseAuth.h in Headers */,
			);
			runOnlyForDeploymentPostprocessing = 0;
		};
		205A92E51E02474B006597AF /* Headers */ = {
			isa = PBXHeadersBuildPhase;
			buildActionMask = 2147483647;
			files = (
				205A92EC1E02474B006597AF /* ReactiveFirebaseStorage.h in Headers */,
			);
			runOnlyForDeploymentPostprocessing = 0;
		};
/* End PBXHeadersBuildPhase section */

/* Begin PBXNativeTarget section */
		205A92B41E0244A6006597AF /* ReactiveFirebase */ = {
			isa = PBXNativeTarget;
			buildConfigurationList = 205A92BD1E0244A6006597AF /* Build configuration list for PBXNativeTarget "ReactiveFirebase" */;
			buildPhases = (
				205A92B01E0244A6006597AF /* Sources */,
				205A92B11E0244A6006597AF /* Frameworks */,
				205A92B21E0244A6006597AF /* Headers */,
				205A92B31E0244A6006597AF /* Resources */,
			);
			buildRules = (
			);
			dependencies = (
				205A92F31E02475C006597AF /* PBXTargetDependency */,
				205A92F51E02475C006597AF /* PBXTargetDependency */,
				205A92D11E024574006597AF /* PBXTargetDependency */,
			);
			name = ReactiveFirebase;
			productName = ReactiveFirebase;
			productReference = 205A92B51E0244A6006597AF /* ReactiveFirebase.framework */;
			productType = "com.apple.product-type.framework";
		};
		205A92C51E0244D9006597AF /* ReactiveFirebaseDatabase */ = {
			isa = PBXNativeTarget;
			buildConfigurationList = 205A92CB1E0244D9006597AF /* Build configuration list for PBXNativeTarget "ReactiveFirebaseDatabase" */;
			buildPhases = (
				AAF8F34D829C6E0F679104F4 /* [CP] Check Pods Manifest.lock */,
				205A92C11E0244D9006597AF /* Sources */,
				205A92C21E0244D9006597AF /* Frameworks */,
				205A92C31E0244D9006597AF /* Headers */,
				205A92C41E0244D9006597AF /* Resources */,
				F90FC02331E6543C201755FE /* [CP] Copy Pods Resources */,
			);
			buildRules = (
			);
			dependencies = (
			);
			name = ReactiveFirebaseDatabase;
			productName = ReactiveFirebaseDatabase;
			productReference = 205A92C61E0244D9006597AF /* ReactiveFirebaseDatabase.framework */;
			productType = "com.apple.product-type.framework";
		};
		205A92D61E02472B006597AF /* ReactiveFirebaseAuth */ = {
			isa = PBXNativeTarget;
			buildConfigurationList = 205A92DE1E02472B006597AF /* Build configuration list for PBXNativeTarget "ReactiveFirebaseAuth" */;
			buildPhases = (
				721E0DA3ADAA5BCC5876BF24 /* [CP] Check Pods Manifest.lock */,
				205A92D21E02472B006597AF /* Sources */,
				205A92D31E02472B006597AF /* Frameworks */,
				205A92D41E02472B006597AF /* Headers */,
				205A92D51E02472B006597AF /* Resources */,
				4421A1FF9FB36026D1D5F7C8 /* [CP] Copy Pods Resources */,
			);
			buildRules = (
			);
			dependencies = (
			);
			name = ReactiveFirebaseAuth;
			productName = ReactiveFirebaseAuth;
			productReference = 205A92D71E02472B006597AF /* ReactiveFirebaseAuth.framework */;
			productType = "com.apple.product-type.framework";
		};
		205A92E71E02474B006597AF /* ReactiveFirebaseStorage */ = {
			isa = PBXNativeTarget;
			buildConfigurationList = 205A92ED1E02474B006597AF /* Build configuration list for PBXNativeTarget "ReactiveFirebaseStorage" */;
			buildPhases = (
				75886E2BECA3BF261EE3258C /* [CP] Check Pods Manifest.lock */,
				205A92E31E02474B006597AF /* Sources */,
				205A92E41E02474B006597AF /* Frameworks */,
				205A92E51E02474B006597AF /* Headers */,
				205A92E61E02474B006597AF /* Resources */,
				6690A08A6B9EB5A020EEC143 /* [CP] Copy Pods Resources */,
			);
			buildRules = (
			);
			dependencies = (
			);
			name = ReactiveFirebaseStorage;
			productName = ReactiveFirebaseStorage;
			productReference = 205A92E81E02474B006597AF /* ReactiveFirebaseStorage.framework */;
			productType = "com.apple.product-type.framework";
		};
		205A93241E02F0AC006597AF /* Auth */ = {
			isa = PBXNativeTarget;
			buildConfigurationList = 205A932B1E02F0AC006597AF /* Build configuration list for PBXNativeTarget "Auth" */;
			buildPhases = (
				A34405150C5D10141CE124FA /* [CP] Check Pods Manifest.lock */,
				205A93211E02F0AC006597AF /* Sources */,
				205A93221E02F0AC006597AF /* Frameworks */,
				205A93231E02F0AC006597AF /* CopyFiles */,
				32B7B82F6C862D2DE5719F08 /* [CP] Copy Pods Resources */,
			);
			buildRules = (
			);
			dependencies = (
			);
			name = Auth;
			productName = Auth;
			productReference = 205A93251E02F0AC006597AF /* libAuth.a */;
			productType = "com.apple.product-type.library.static";
		};
		205A93311E02F0B1006597AF /* Database */ = {
			isa = PBXNativeTarget;
			buildConfigurationList = 205A93381E02F0B1006597AF /* Build configuration list for PBXNativeTarget "Database" */;
			buildPhases = (
				316C5033415B5DC6982FC2CD /* [CP] Check Pods Manifest.lock */,
				205A932E1E02F0B1006597AF /* Sources */,
				205A932F1E02F0B1006597AF /* Frameworks */,
				205A93301E02F0B1006597AF /* CopyFiles */,
				88E3001760A6728DD335DDE8 /* [CP] Copy Pods Resources */,
			);
			buildRules = (
			);
			dependencies = (
			);
			name = Database;
			productName = Database;
			productReference = 205A93321E02F0B1006597AF /* libDatabase.a */;
			productType = "com.apple.product-type.library.static";
		};
		205A933E1E02F0B5006597AF /* Storage */ = {
			isa = PBXNativeTarget;
			buildConfigurationList = 205A93451E02F0B5006597AF /* Build configuration list for PBXNativeTarget "Storage" */;
			buildPhases = (
				38E818CEAB850B74C1BC2E1F /* [CP] Check Pods Manifest.lock */,
				205A933B1E02F0B5006597AF /* Sources */,
				205A933C1E02F0B5006597AF /* Frameworks */,
				205A933D1E02F0B5006597AF /* CopyFiles */,
				F543BB6D29792D9C0E9CB24E /* [CP] Copy Pods Resources */,
			);
			buildRules = (
			);
			dependencies = (
			);
			name = Storage;
			productName = Storage;
			productReference = 205A933F1E02F0B5006597AF /* libStorage.a */;
			productType = "com.apple.product-type.library.static";
		};
/* End PBXNativeTarget section */

/* Begin PBXProject section */
		205A92AC1E0244A6006597AF /* Project object */ = {
			isa = PBXProject;
			attributes = {
				LastUpgradeCheck = 0820;
				ORGANIZATIONNAME = "Evan Coleman";
				TargetAttributes = {
					205A92B41E0244A6006597AF = {
						CreatedOnToolsVersion = 8.2;
						DevelopmentTeam = 52M9C6892K;
						LastSwiftMigration = 0820;
						ProvisioningStyle = Automatic;
					};
					205A92C51E0244D9006597AF = {
						CreatedOnToolsVersion = 8.2;
						DevelopmentTeam = 52M9C6892K;
						LastSwiftMigration = 0820;
						ProvisioningStyle = Automatic;
					};
					205A92D61E02472B006597AF = {
						CreatedOnToolsVersion = 8.2;
						DevelopmentTeam = 52M9C6892K;
						LastSwiftMigration = 0820;
						ProvisioningStyle = Automatic;
					};
					205A92E71E02474B006597AF = {
						CreatedOnToolsVersion = 8.2;
						DevelopmentTeam = 52M9C6892K;
						LastSwiftMigration = 0820;
						ProvisioningStyle = Automatic;
					};
					205A93241E02F0AC006597AF = {
						CreatedOnToolsVersion = 8.2;
						DevelopmentTeam = 52M9C6892K;
						ProvisioningStyle = Automatic;
					};
					205A93311E02F0B1006597AF = {
						CreatedOnToolsVersion = 8.2;
						DevelopmentTeam = 52M9C6892K;
						ProvisioningStyle = Automatic;
					};
					205A933E1E02F0B5006597AF = {
						CreatedOnToolsVersion = 8.2;
						DevelopmentTeam = 52M9C6892K;
						ProvisioningStyle = Automatic;
					};
				};
			};
			buildConfigurationList = 205A92AF1E0244A6006597AF /* Build configuration list for PBXProject "ReactiveFirebase" */;
			compatibilityVersion = "Xcode 3.2";
			developmentRegion = English;
			hasScannedForEncodings = 0;
			knownRegions = (
				en,
			);
			mainGroup = 205A92AB1E0244A6006597AF;
			productRefGroup = 205A92B61E0244A6006597AF /* Products */;
			projectDirPath = "";
			projectRoot = "";
			targets = (
				205A92B41E0244A6006597AF /* ReactiveFirebase */,
				205A92C51E0244D9006597AF /* ReactiveFirebaseDatabase */,
				205A92D61E02472B006597AF /* ReactiveFirebaseAuth */,
				205A92E71E02474B006597AF /* ReactiveFirebaseStorage */,
				205A93241E02F0AC006597AF /* Auth */,
				205A93311E02F0B1006597AF /* Database */,
				205A933E1E02F0B5006597AF /* Storage */,
			);
		};
/* End PBXProject section */

/* Begin PBXResourcesBuildPhase section */
		205A92B31E0244A6006597AF /* Resources */ = {
			isa = PBXResourcesBuildPhase;
			buildActionMask = 2147483647;
			files = (
			);
			runOnlyForDeploymentPostprocessing = 0;
		};
		205A92C41E0244D9006597AF /* Resources */ = {
			isa = PBXResourcesBuildPhase;
			buildActionMask = 2147483647;
			files = (
			);
			runOnlyForDeploymentPostprocessing = 0;
		};
		205A92D51E02472B006597AF /* Resources */ = {
			isa = PBXResourcesBuildPhase;
			buildActionMask = 2147483647;
			files = (
			);
			runOnlyForDeploymentPostprocessing = 0;
		};
		205A92E61E02474B006597AF /* Resources */ = {
			isa = PBXResourcesBuildPhase;
			buildActionMask = 2147483647;
			files = (
			);
			runOnlyForDeploymentPostprocessing = 0;
		};
/* End PBXResourcesBuildPhase section */

/* Begin PBXShellScriptBuildPhase section */
		316C5033415B5DC6982FC2CD /* [CP] Check Pods Manifest.lock */ = {
			isa = PBXShellScriptBuildPhase;
			buildActionMask = 2147483647;
			files = (
			);
			inputPaths = (
			);
			name = "[CP] Check Pods Manifest.lock";
			outputPaths = (
			);
			runOnlyForDeploymentPostprocessing = 0;
			shellPath = /bin/sh;
			shellScript = "diff \"${PODS_ROOT}/../Podfile.lock\" \"${PODS_ROOT}/Manifest.lock\" > /dev/null\nif [ $? != 0 ] ; then\n    # print error to STDERR\n    echo \"error: The sandbox is not in sync with the Podfile.lock. Run 'pod install' or update your CocoaPods installation.\" >&2\n    exit 1\nfi\n";
			showEnvVarsInLog = 0;
		};
		32B7B82F6C862D2DE5719F08 /* [CP] Copy Pods Resources */ = {
			isa = PBXShellScriptBuildPhase;
			buildActionMask = 2147483647;
			files = (
			);
			inputPaths = (
			);
			name = "[CP] Copy Pods Resources";
			outputPaths = (
			);
			runOnlyForDeploymentPostprocessing = 0;
			shellPath = /bin/sh;
			shellScript = "\"${SRCROOT}/Pods/Target Support Files/Pods-Auth/Pods-Auth-resources.sh\"\n";
			showEnvVarsInLog = 0;
		};
		38E818CEAB850B74C1BC2E1F /* [CP] Check Pods Manifest.lock */ = {
			isa = PBXShellScriptBuildPhase;
			buildActionMask = 2147483647;
			files = (
			);
			inputPaths = (
			);
			name = "[CP] Check Pods Manifest.lock";
			outputPaths = (
			);
			runOnlyForDeploymentPostprocessing = 0;
			shellPath = /bin/sh;
			shellScript = "diff \"${PODS_ROOT}/../Podfile.lock\" \"${PODS_ROOT}/Manifest.lock\" > /dev/null\nif [ $? != 0 ] ; then\n    # print error to STDERR\n    echo \"error: The sandbox is not in sync with the Podfile.lock. Run 'pod install' or update your CocoaPods installation.\" >&2\n    exit 1\nfi\n";
			showEnvVarsInLog = 0;
		};
		4421A1FF9FB36026D1D5F7C8 /* [CP] Copy Pods Resources */ = {
			isa = PBXShellScriptBuildPhase;
			buildActionMask = 2147483647;
			files = (
			);
			inputPaths = (
			);
			name = "[CP] Copy Pods Resources";
			outputPaths = (
			);
			runOnlyForDeploymentPostprocessing = 0;
			shellPath = /bin/sh;
			shellScript = "\"${SRCROOT}/Pods/Target Support Files/Pods-ReactiveFirebaseAuth/Pods-ReactiveFirebaseAuth-resources.sh\"\n";
			showEnvVarsInLog = 0;
		};
		6690A08A6B9EB5A020EEC143 /* [CP] Copy Pods Resources */ = {
			isa = PBXShellScriptBuildPhase;
			buildActionMask = 2147483647;
			files = (
			);
			inputPaths = (
			);
			name = "[CP] Copy Pods Resources";
			outputPaths = (
			);
			runOnlyForDeploymentPostprocessing = 0;
			shellPath = /bin/sh;
			shellScript = "\"${SRCROOT}/Pods/Target Support Files/Pods-ReactiveFirebaseStorage/Pods-ReactiveFirebaseStorage-resources.sh\"\n";
			showEnvVarsInLog = 0;
		};
		721E0DA3ADAA5BCC5876BF24 /* [CP] Check Pods Manifest.lock */ = {
			isa = PBXShellScriptBuildPhase;
			buildActionMask = 2147483647;
			files = (
			);
			inputPaths = (
			);
			name = "[CP] Check Pods Manifest.lock";
			outputPaths = (
			);
			runOnlyForDeploymentPostprocessing = 0;
			shellPath = /bin/sh;
			shellScript = "diff \"${PODS_ROOT}/../Podfile.lock\" \"${PODS_ROOT}/Manifest.lock\" > /dev/null\nif [ $? != 0 ] ; then\n    # print error to STDERR\n    echo \"error: The sandbox is not in sync with the Podfile.lock. Run 'pod install' or update your CocoaPods installation.\" >&2\n    exit 1\nfi\n";
			showEnvVarsInLog = 0;
		};
		75886E2BECA3BF261EE3258C /* [CP] Check Pods Manifest.lock */ = {
			isa = PBXShellScriptBuildPhase;
			buildActionMask = 2147483647;
			files = (
			);
			inputPaths = (
			);
			name = "[CP] Check Pods Manifest.lock";
			outputPaths = (
			);
			runOnlyForDeploymentPostprocessing = 0;
			shellPath = /bin/sh;
			shellScript = "diff \"${PODS_ROOT}/../Podfile.lock\" \"${PODS_ROOT}/Manifest.lock\" > /dev/null\nif [ $? != 0 ] ; then\n    # print error to STDERR\n    echo \"error: The sandbox is not in sync with the Podfile.lock. Run 'pod install' or update your CocoaPods installation.\" >&2\n    exit 1\nfi\n";
			showEnvVarsInLog = 0;
		};
		88E3001760A6728DD335DDE8 /* [CP] Copy Pods Resources */ = {
			isa = PBXShellScriptBuildPhase;
			buildActionMask = 2147483647;
			files = (
			);
			inputPaths = (
			);
			name = "[CP] Copy Pods Resources";
			outputPaths = (
			);
			runOnlyForDeploymentPostprocessing = 0;
			shellPath = /bin/sh;
			shellScript = "\"${SRCROOT}/Pods/Target Support Files/Pods-Database/Pods-Database-resources.sh\"\n";
			showEnvVarsInLog = 0;
		};
		A34405150C5D10141CE124FA /* [CP] Check Pods Manifest.lock */ = {
			isa = PBXShellScriptBuildPhase;
			buildActionMask = 2147483647;
			files = (
			);
			inputPaths = (
			);
			name = "[CP] Check Pods Manifest.lock";
			outputPaths = (
			);
			runOnlyForDeploymentPostprocessing = 0;
			shellPath = /bin/sh;
			shellScript = "diff \"${PODS_ROOT}/../Podfile.lock\" \"${PODS_ROOT}/Manifest.lock\" > /dev/null\nif [ $? != 0 ] ; then\n    # print error to STDERR\n    echo \"error: The sandbox is not in sync with the Podfile.lock. Run 'pod install' or update your CocoaPods installation.\" >&2\n    exit 1\nfi\n";
			showEnvVarsInLog = 0;
		};
		AAF8F34D829C6E0F679104F4 /* [CP] Check Pods Manifest.lock */ = {
			isa = PBXShellScriptBuildPhase;
			buildActionMask = 2147483647;
			files = (
			);
			inputPaths = (
			);
			name = "[CP] Check Pods Manifest.lock";
			outputPaths = (
			);
			runOnlyForDeploymentPostprocessing = 0;
			shellPath = /bin/sh;
			shellScript = "diff \"${PODS_ROOT}/../Podfile.lock\" \"${PODS_ROOT}/Manifest.lock\" > /dev/null\nif [ $? != 0 ] ; then\n    # print error to STDERR\n    echo \"error: The sandbox is not in sync with the Podfile.lock. Run 'pod install' or update your CocoaPods installation.\" >&2\n    exit 1\nfi\n";
			showEnvVarsInLog = 0;
		};
		F543BB6D29792D9C0E9CB24E /* [CP] Copy Pods Resources */ = {
			isa = PBXShellScriptBuildPhase;
			buildActionMask = 2147483647;
			files = (
			);
			inputPaths = (
			);
			name = "[CP] Copy Pods Resources";
			outputPaths = (
			);
			runOnlyForDeploymentPostprocessing = 0;
			shellPath = /bin/sh;
			shellScript = "\"${SRCROOT}/Pods/Target Support Files/Pods-Storage/Pods-Storage-resources.sh\"\n";
			showEnvVarsInLog = 0;
		};
		F90FC02331E6543C201755FE /* [CP] Copy Pods Resources */ = {
			isa = PBXShellScriptBuildPhase;
			buildActionMask = 2147483647;
			files = (
			);
			inputPaths = (
			);
			name = "[CP] Copy Pods Resources";
			outputPaths = (
			);
			runOnlyForDeploymentPostprocessing = 0;
			shellPath = /bin/sh;
			shellScript = "\"${SRCROOT}/Pods/Target Support Files/Pods-ReactiveFirebaseDatabase/Pods-ReactiveFirebaseDatabase-resources.sh\"\n";
			showEnvVarsInLog = 0;
		};
/* End PBXShellScriptBuildPhase section */

/* Begin PBXSourcesBuildPhase section */
		205A92B01E0244A6006597AF /* Sources */ = {
			isa = PBXSourcesBuildPhase;
			buildActionMask = 2147483647;
			files = (
			);
			runOnlyForDeploymentPostprocessing = 0;
		};
		205A92C11E0244D9006597AF /* Sources */ = {
			isa = PBXSourcesBuildPhase;
			buildActionMask = 2147483647;
			files = (
				205A92CF1E024538006597AF /* FIRDatabaseReference.swift in Sources */,
				20A20F5D1E0B27AD006F1629 /* FIRDatabaseQuery.swift in Sources */,
			);
			runOnlyForDeploymentPostprocessing = 0;
		};
		205A92D21E02472B006597AF /* Sources */ = {
			isa = PBXSourcesBuildPhase;
			buildActionMask = 2147483647;
			files = (
				205A92E21E02473C006597AF /* FIRUser.swift in Sources */,
				205A92E11E02473C006597AF /* FIRAuth.swift in Sources */,
			);
			runOnlyForDeploymentPostprocessing = 0;
		};
		205A92E31E02474B006597AF /* Sources */ = {
			isa = PBXSourcesBuildPhase;
			buildActionMask = 2147483647;
			files = (
				205A92F11E024754006597AF /* FIRStorageReference.swift in Sources */,
				2002D0971E0CCB82005122AB /* FIRStorageObservableTask.swift in Sources */,
			);
			runOnlyForDeploymentPostprocessing = 0;
		};
		205A93211E02F0AC006597AF /* Sources */ = {
			isa = PBXSourcesBuildPhase;
			buildActionMask = 2147483647;
			files = (
			);
			runOnlyForDeploymentPostprocessing = 0;
		};
		205A932E1E02F0B1006597AF /* Sources */ = {
			isa = PBXSourcesBuildPhase;
			buildActionMask = 2147483647;
			files = (
			);
			runOnlyForDeploymentPostprocessing = 0;
		};
		205A933B1E02F0B5006597AF /* Sources */ = {
			isa = PBXSourcesBuildPhase;
			buildActionMask = 2147483647;
			files = (
			);
			runOnlyForDeploymentPostprocessing = 0;
		};
/* End PBXSourcesBuildPhase section */

/* Begin PBXTargetDependency section */
		205A92D11E024574006597AF /* PBXTargetDependency */ = {
			isa = PBXTargetDependency;
			target = 205A92C51E0244D9006597AF /* ReactiveFirebaseDatabase */;
			targetProxy = 205A92D01E024574006597AF /* PBXContainerItemProxy */;
		};
		205A92F31E02475C006597AF /* PBXTargetDependency */ = {
			isa = PBXTargetDependency;
			target = 205A92D61E02472B006597AF /* ReactiveFirebaseAuth */;
			targetProxy = 205A92F21E02475C006597AF /* PBXContainerItemProxy */;
		};
		205A92F51E02475C006597AF /* PBXTargetDependency */ = {
			isa = PBXTargetDependency;
			target = 205A92E71E02474B006597AF /* ReactiveFirebaseStorage */;
			targetProxy = 205A92F41E02475C006597AF /* PBXContainerItemProxy */;
		};
/* End PBXTargetDependency section */

/* Begin XCBuildConfiguration section */
		205A92BB1E0244A6006597AF /* Debug */ = {
			isa = XCBuildConfiguration;
			buildSettings = {
				ALWAYS_SEARCH_USER_PATHS = NO;
				CLANG_ANALYZER_NONNULL = YES;
				CLANG_CXX_LANGUAGE_STANDARD = "gnu++0x";
				CLANG_CXX_LIBRARY = "libc++";
				CLANG_ENABLE_MODULES = YES;
				CLANG_ENABLE_OBJC_ARC = YES;
				CLANG_WARN_BOOL_CONVERSION = YES;
				CLANG_WARN_CONSTANT_CONVERSION = YES;
				CLANG_WARN_DIRECT_OBJC_ISA_USAGE = YES_ERROR;
				CLANG_WARN_DOCUMENTATION_COMMENTS = YES;
				CLANG_WARN_EMPTY_BODY = YES;
				CLANG_WARN_ENUM_CONVERSION = YES;
				CLANG_WARN_INFINITE_RECURSION = YES;
				CLANG_WARN_INT_CONVERSION = YES;
				CLANG_WARN_OBJC_ROOT_CLASS = YES_ERROR;
				CLANG_WARN_SUSPICIOUS_MOVE = YES;
				CLANG_WARN_UNREACHABLE_CODE = YES;
				CLANG_WARN__DUPLICATE_METHOD_MATCH = YES;
				"CODE_SIGN_IDENTITY[sdk=iphoneos*]" = "iPhone Developer";
				COPY_PHASE_STRIP = NO;
				CURRENT_PROJECT_VERSION = 1;
				DEBUG_INFORMATION_FORMAT = dwarf;
				ENABLE_STRICT_OBJC_MSGSEND = YES;
				ENABLE_TESTABILITY = YES;
				GCC_C_LANGUAGE_STANDARD = gnu99;
				GCC_DYNAMIC_NO_PIC = NO;
				GCC_NO_COMMON_BLOCKS = YES;
				GCC_OPTIMIZATION_LEVEL = 0;
				GCC_PREPROCESSOR_DEFINITIONS = (
					"DEBUG=1",
					"$(inherited)",
				);
				GCC_WARN_64_TO_32_BIT_CONVERSION = YES;
				GCC_WARN_ABOUT_RETURN_TYPE = YES_ERROR;
				GCC_WARN_UNDECLARED_SELECTOR = YES;
				GCC_WARN_UNINITIALIZED_AUTOS = YES_AGGRESSIVE;
				GCC_WARN_UNUSED_FUNCTION = YES;
				GCC_WARN_UNUSED_VARIABLE = YES;
				IPHONEOS_DEPLOYMENT_TARGET = 10.2;
				MTL_ENABLE_DEBUG_INFO = YES;
				ONLY_ACTIVE_ARCH = YES;
				SDKROOT = iphoneos;
				SWIFT_ACTIVE_COMPILATION_CONDITIONS = DEBUG;
				SWIFT_OPTIMIZATION_LEVEL = "-Onone";
				SWIFT_VERSION = 3.0;
				TARGETED_DEVICE_FAMILY = "1,2";
				VERSIONING_SYSTEM = "apple-generic";
				VERSION_INFO_PREFIX = "";
			};
			name = Debug;
		};
		205A92BC1E0244A6006597AF /* Release */ = {
			isa = XCBuildConfiguration;
			buildSettings = {
				ALWAYS_SEARCH_USER_PATHS = NO;
				CLANG_ANALYZER_NONNULL = YES;
				CLANG_CXX_LANGUAGE_STANDARD = "gnu++0x";
				CLANG_CXX_LIBRARY = "libc++";
				CLANG_ENABLE_MODULES = YES;
				CLANG_ENABLE_OBJC_ARC = YES;
				CLANG_WARN_BOOL_CONVERSION = YES;
				CLANG_WARN_CONSTANT_CONVERSION = YES;
				CLANG_WARN_DIRECT_OBJC_ISA_USAGE = YES_ERROR;
				CLANG_WARN_DOCUMENTATION_COMMENTS = YES;
				CLANG_WARN_EMPTY_BODY = YES;
				CLANG_WARN_ENUM_CONVERSION = YES;
				CLANG_WARN_INFINITE_RECURSION = YES;
				CLANG_WARN_INT_CONVERSION = YES;
				CLANG_WARN_OBJC_ROOT_CLASS = YES_ERROR;
				CLANG_WARN_SUSPICIOUS_MOVE = YES;
				CLANG_WARN_UNREACHABLE_CODE = YES;
				CLANG_WARN__DUPLICATE_METHOD_MATCH = YES;
				"CODE_SIGN_IDENTITY[sdk=iphoneos*]" = "iPhone Developer";
				COPY_PHASE_STRIP = NO;
				CURRENT_PROJECT_VERSION = 1;
				DEBUG_INFORMATION_FORMAT = "dwarf-with-dsym";
				ENABLE_NS_ASSERTIONS = NO;
				ENABLE_STRICT_OBJC_MSGSEND = YES;
				GCC_C_LANGUAGE_STANDARD = gnu99;
				GCC_NO_COMMON_BLOCKS = YES;
				GCC_WARN_64_TO_32_BIT_CONVERSION = YES;
				GCC_WARN_ABOUT_RETURN_TYPE = YES_ERROR;
				GCC_WARN_UNDECLARED_SELECTOR = YES;
				GCC_WARN_UNINITIALIZED_AUTOS = YES_AGGRESSIVE;
				GCC_WARN_UNUSED_FUNCTION = YES;
				GCC_WARN_UNUSED_VARIABLE = YES;
				IPHONEOS_DEPLOYMENT_TARGET = 10.2;
				MTL_ENABLE_DEBUG_INFO = NO;
				SDKROOT = iphoneos;
				SWIFT_OPTIMIZATION_LEVEL = "-Owholemodule";
				SWIFT_VERSION = 3.0;
				TARGETED_DEVICE_FAMILY = "1,2";
				VALIDATE_PRODUCT = YES;
				VERSIONING_SYSTEM = "apple-generic";
				VERSION_INFO_PREFIX = "";
			};
			name = Release;
		};
		205A92BE1E0244A6006597AF /* Debug */ = {
			isa = XCBuildConfiguration;
			buildSettings = {
				CLANG_ENABLE_MODULES = YES;
				CODE_SIGN_IDENTITY = "";
				DEFINES_MODULE = YES;
				DEVELOPMENT_TEAM = 52M9C6892K;
				DYLIB_COMPATIBILITY_VERSION = 1;
				DYLIB_CURRENT_VERSION = 1;
				DYLIB_INSTALL_NAME_BASE = "@rpath";
				INFOPLIST_FILE = ReactiveFirebase/Info.plist;
				INSTALL_PATH = "$(LOCAL_LIBRARY_DIR)/Frameworks";
				LD_RUNPATH_SEARCH_PATHS = "$(inherited) @executable_path/Frameworks @loader_path/Frameworks";
				PRODUCT_BUNDLE_IDENTIFIER = net.evancoleman.ReactiveFirebase;
				PRODUCT_NAME = "$(TARGET_NAME)";
				SKIP_INSTALL = YES;
				SWIFT_OPTIMIZATION_LEVEL = "-Onone";
				SWIFT_VERSION = 3.0;
			};
			name = Debug;
		};
		205A92BF1E0244A6006597AF /* Release */ = {
			isa = XCBuildConfiguration;
			buildSettings = {
				CLANG_ENABLE_MODULES = YES;
				CODE_SIGN_IDENTITY = "";
				DEFINES_MODULE = YES;
				DEVELOPMENT_TEAM = 52M9C6892K;
				DYLIB_COMPATIBILITY_VERSION = 1;
				DYLIB_CURRENT_VERSION = 1;
				DYLIB_INSTALL_NAME_BASE = "@rpath";
				INFOPLIST_FILE = ReactiveFirebase/Info.plist;
				INSTALL_PATH = "$(LOCAL_LIBRARY_DIR)/Frameworks";
				LD_RUNPATH_SEARCH_PATHS = "$(inherited) @executable_path/Frameworks @loader_path/Frameworks";
				PRODUCT_BUNDLE_IDENTIFIER = net.evancoleman.ReactiveFirebase;
				PRODUCT_NAME = "$(TARGET_NAME)";
				SKIP_INSTALL = YES;
				SWIFT_VERSION = 3.0;
			};
			name = Release;
		};
		205A92CC1E0244D9006597AF /* Debug */ = {
			isa = XCBuildConfiguration;
			baseConfigurationReference = FFF10DA00E7077C7D740CC8E /* Pods-ReactiveFirebaseDatabase.debug.xcconfig */;
			buildSettings = {
				CLANG_ENABLE_MODULES = YES;
				CODE_SIGN_IDENTITY = "";
				DEFINES_MODULE = YES;
				DEVELOPMENT_TEAM = 52M9C6892K;
				DYLIB_COMPATIBILITY_VERSION = 1;
				DYLIB_CURRENT_VERSION = 1;
				DYLIB_INSTALL_NAME_BASE = "@rpath";
				INFOPLIST_FILE = ReactiveFirebaseDatabase/Info.plist;
				INSTALL_PATH = "$(LOCAL_LIBRARY_DIR)/Frameworks";
				LD_RUNPATH_SEARCH_PATHS = "$(inherited) @executable_path/Frameworks @loader_path/Frameworks";
				PRODUCT_BUNDLE_IDENTIFIER = net.evancoleman.ReactiveFirebaseDatabase;
				PRODUCT_NAME = "$(TARGET_NAME)";
				SKIP_INSTALL = YES;
				SWIFT_OPTIMIZATION_LEVEL = "-Onone";
				SWIFT_VERSION = 3.0;
			};
			name = Debug;
		};
		205A92CD1E0244D9006597AF /* Release */ = {
			isa = XCBuildConfiguration;
			baseConfigurationReference = 4E32F0819C16B8147D6680C6 /* Pods-ReactiveFirebaseDatabase.release.xcconfig */;
			buildSettings = {
				CLANG_ENABLE_MODULES = YES;
				CODE_SIGN_IDENTITY = "";
				DEFINES_MODULE = YES;
				DEVELOPMENT_TEAM = 52M9C6892K;
				DYLIB_COMPATIBILITY_VERSION = 1;
				DYLIB_CURRENT_VERSION = 1;
				DYLIB_INSTALL_NAME_BASE = "@rpath";
				INFOPLIST_FILE = ReactiveFirebaseDatabase/Info.plist;
				INSTALL_PATH = "$(LOCAL_LIBRARY_DIR)/Frameworks";
				LD_RUNPATH_SEARCH_PATHS = "$(inherited) @executable_path/Frameworks @loader_path/Frameworks";
				PRODUCT_BUNDLE_IDENTIFIER = net.evancoleman.ReactiveFirebaseDatabase;
				PRODUCT_NAME = "$(TARGET_NAME)";
				SKIP_INSTALL = YES;
				SWIFT_VERSION = 3.0;
			};
			name = Release;
		};
		205A92DC1E02472B006597AF /* Debug */ = {
			isa = XCBuildConfiguration;
			baseConfigurationReference = 8515852B992EB63E16353166 /* Pods-ReactiveFirebaseAuth.debug.xcconfig */;
			buildSettings = {
				CLANG_ENABLE_MODULES = YES;
				CODE_SIGN_IDENTITY = "";
				DEFINES_MODULE = YES;
				DEVELOPMENT_TEAM = 52M9C6892K;
				DYLIB_COMPATIBILITY_VERSION = 1;
				DYLIB_CURRENT_VERSION = 1;
				DYLIB_INSTALL_NAME_BASE = "@rpath";
				INFOPLIST_FILE = ReactiveFirebaseAuth/Info.plist;
				INSTALL_PATH = "$(LOCAL_LIBRARY_DIR)/Frameworks";
				LD_RUNPATH_SEARCH_PATHS = "$(inherited) @executable_path/Frameworks @loader_path/Frameworks";
				PRODUCT_BUNDLE_IDENTIFIER = net.evancoleman.ReactiveFirebaseAuth;
				PRODUCT_NAME = "$(TARGET_NAME)";
				SKIP_INSTALL = YES;
				SWIFT_OPTIMIZATION_LEVEL = "-Onone";
				SWIFT_VERSION = 3.0;
			};
			name = Debug;
		};
		205A92DD1E02472B006597AF /* Release */ = {
			isa = XCBuildConfiguration;
			baseConfigurationReference = A778873D171FFFF85AB2EB0F /* Pods-ReactiveFirebaseAuth.release.xcconfig */;
			buildSettings = {
				CLANG_ENABLE_MODULES = YES;
				CODE_SIGN_IDENTITY = "";
				DEFINES_MODULE = YES;
				DEVELOPMENT_TEAM = 52M9C6892K;
				DYLIB_COMPATIBILITY_VERSION = 1;
				DYLIB_CURRENT_VERSION = 1;
				DYLIB_INSTALL_NAME_BASE = "@rpath";
				INFOPLIST_FILE = ReactiveFirebaseAuth/Info.plist;
				INSTALL_PATH = "$(LOCAL_LIBRARY_DIR)/Frameworks";
				LD_RUNPATH_SEARCH_PATHS = "$(inherited) @executable_path/Frameworks @loader_path/Frameworks";
				PRODUCT_BUNDLE_IDENTIFIER = net.evancoleman.ReactiveFirebaseAuth;
				PRODUCT_NAME = "$(TARGET_NAME)";
				SKIP_INSTALL = YES;
				SWIFT_VERSION = 3.0;
			};
			name = Release;
		};
		205A92EE1E02474B006597AF /* Debug */ = {
			isa = XCBuildConfiguration;
			baseConfigurationReference = 4EB005CBE5C30B0B28F7FF78 /* Pods-ReactiveFirebaseStorage.debug.xcconfig */;
			buildSettings = {
				CLANG_ENABLE_MODULES = YES;
				CODE_SIGN_IDENTITY = "";
				DEFINES_MODULE = YES;
				DEVELOPMENT_TEAM = 52M9C6892K;
				DYLIB_COMPATIBILITY_VERSION = 1;
				DYLIB_CURRENT_VERSION = 1;
				DYLIB_INSTALL_NAME_BASE = "@rpath";
				INFOPLIST_FILE = ReactiveFirebaseStorage/Info.plist;
				INSTALL_PATH = "$(LOCAL_LIBRARY_DIR)/Frameworks";
				LD_RUNPATH_SEARCH_PATHS = "$(inherited) @executable_path/Frameworks @loader_path/Frameworks";
				PRODUCT_BUNDLE_IDENTIFIER = net.evancoleman.ReactiveFirebaseStorage;
				PRODUCT_NAME = "$(TARGET_NAME)";
				SKIP_INSTALL = YES;
				SWIFT_OPTIMIZATION_LEVEL = "-Onone";
				SWIFT_VERSION = 3.0;
			};
			name = Debug;
		};
		205A92EF1E02474B006597AF /* Release */ = {
			isa = XCBuildConfiguration;
			baseConfigurationReference = 511CB236040F213A39AA9698 /* Pods-ReactiveFirebaseStorage.release.xcconfig */;
			buildSettings = {
				CLANG_ENABLE_MODULES = YES;
				CODE_SIGN_IDENTITY = "";
				DEFINES_MODULE = YES;
				DEVELOPMENT_TEAM = 52M9C6892K;
				DYLIB_COMPATIBILITY_VERSION = 1;
				DYLIB_CURRENT_VERSION = 1;
				DYLIB_INSTALL_NAME_BASE = "@rpath";
				INFOPLIST_FILE = ReactiveFirebaseStorage/Info.plist;
				INSTALL_PATH = "$(LOCAL_LIBRARY_DIR)/Frameworks";
				LD_RUNPATH_SEARCH_PATHS = "$(inherited) @executable_path/Frameworks @loader_path/Frameworks";
				PRODUCT_BUNDLE_IDENTIFIER = net.evancoleman.ReactiveFirebaseStorage;
				PRODUCT_NAME = "$(TARGET_NAME)";
				SKIP_INSTALL = YES;
				SWIFT_VERSION = 3.0;
			};
			name = Release;
		};
		205A932C1E02F0AC006597AF /* Debug */ = {
			isa = XCBuildConfiguration;
			baseConfigurationReference = BF431ED92F33A2B42B619466 /* Pods-Auth.debug.xcconfig */;
			buildSettings = {
				ALWAYS_EMBED_SWIFT_STANDARD_LIBRARIES = NO;
				DEVELOPMENT_TEAM = 52M9C6892K;
				OTHER_LDFLAGS = "-ObjC";
				PRODUCT_NAME = "$(TARGET_NAME)";
				SKIP_INSTALL = YES;
			};
			name = Debug;
		};
		205A932D1E02F0AC006597AF /* Release */ = {
			isa = XCBuildConfiguration;
			baseConfigurationReference = B2DAA06ABBDD18E1D84AC98C /* Pods-Auth.release.xcconfig */;
			buildSettings = {
				ALWAYS_EMBED_SWIFT_STANDARD_LIBRARIES = NO;
				DEVELOPMENT_TEAM = 52M9C6892K;
				OTHER_LDFLAGS = "-ObjC";
				PRODUCT_NAME = "$(TARGET_NAME)";
				SKIP_INSTALL = YES;
			};
			name = Release;
		};
		205A93391E02F0B1006597AF /* Debug */ = {
			isa = XCBuildConfiguration;
			baseConfigurationReference = A395FFC33CD5EBEFE8AFAF1B /* Pods-Database.debug.xcconfig */;
			buildSettings = {
				ALWAYS_EMBED_SWIFT_STANDARD_LIBRARIES = NO;
				DEVELOPMENT_TEAM = 52M9C6892K;
				OTHER_LDFLAGS = "-ObjC";
				PRODUCT_NAME = "$(TARGET_NAME)";
				SKIP_INSTALL = YES;
			};
			name = Debug;
		};
		205A933A1E02F0B1006597AF /* Release */ = {
			isa = XCBuildConfiguration;
			baseConfigurationReference = E7A24BAE4D93AA6204D5339F /* Pods-Database.release.xcconfig */;
			buildSettings = {
				ALWAYS_EMBED_SWIFT_STANDARD_LIBRARIES = NO;
				DEVELOPMENT_TEAM = 52M9C6892K;
				OTHER_LDFLAGS = "-ObjC";
				PRODUCT_NAME = "$(TARGET_NAME)";
				SKIP_INSTALL = YES;
			};
			name = Release;
		};
		205A93461E02F0B5006597AF /* Debug */ = {
			isa = XCBuildConfiguration;
			baseConfigurationReference = 0E333209AC99FDF1B7463A65 /* Pods-Storage.debug.xcconfig */;
			buildSettings = {
				ALWAYS_EMBED_SWIFT_STANDARD_LIBRARIES = NO;
				DEVELOPMENT_TEAM = 52M9C6892K;
				OTHER_LDFLAGS = "-ObjC";
				PRODUCT_NAME = "$(TARGET_NAME)";
				SKIP_INSTALL = YES;
			};
			name = Debug;
		};
		205A93471E02F0B5006597AF /* Release */ = {
			isa = XCBuildConfiguration;
			baseConfigurationReference = 5E94F2675AC9E3E6C0332D90 /* Pods-Storage.release.xcconfig */;
			buildSettings = {
				ALWAYS_EMBED_SWIFT_STANDARD_LIBRARIES = NO;
				DEVELOPMENT_TEAM = 52M9C6892K;
				OTHER_LDFLAGS = "-ObjC";
				PRODUCT_NAME = "$(TARGET_NAME)";
				SKIP_INSTALL = YES;
			};
			name = Release;
		};
/* End XCBuildConfiguration section */

/* Begin XCConfigurationList section */
		205A92AF1E0244A6006597AF /* Build configuration list for PBXProject "ReactiveFirebase" */ = {
			isa = XCConfigurationList;
			buildConfigurations = (
				205A92BB1E0244A6006597AF /* Debug */,
				205A92BC1E0244A6006597AF /* Release */,
			);
			defaultConfigurationIsVisible = 0;
			defaultConfigurationName = Release;
		};
		205A92BD1E0244A6006597AF /* Build configuration list for PBXNativeTarget "ReactiveFirebase" */ = {
			isa = XCConfigurationList;
			buildConfigurations = (
				205A92BE1E0244A6006597AF /* Debug */,
				205A92BF1E0244A6006597AF /* Release */,
			);
			defaultConfigurationIsVisible = 0;
			defaultConfigurationName = Release;
		};
		205A92CB1E0244D9006597AF /* Build configuration list for PBXNativeTarget "ReactiveFirebaseDatabase" */ = {
			isa = XCConfigurationList;
			buildConfigurations = (
				205A92CC1E0244D9006597AF /* Debug */,
				205A92CD1E0244D9006597AF /* Release */,
			);
			defaultConfigurationIsVisible = 0;
			defaultConfigurationName = Release;
		};
		205A92DE1E02472B006597AF /* Build configuration list for PBXNativeTarget "ReactiveFirebaseAuth" */ = {
			isa = XCConfigurationList;
			buildConfigurations = (
				205A92DC1E02472B006597AF /* Debug */,
				205A92DD1E02472B006597AF /* Release */,
			);
			defaultConfigurationIsVisible = 0;
			defaultConfigurationName = Release;
		};
		205A92ED1E02474B006597AF /* Build configuration list for PBXNativeTarget "ReactiveFirebaseStorage" */ = {
			isa = XCConfigurationList;
			buildConfigurations = (
				205A92EE1E02474B006597AF /* Debug */,
				205A92EF1E02474B006597AF /* Release */,
			);
			defaultConfigurationIsVisible = 0;
			defaultConfigurationName = Release;
		};
		205A932B1E02F0AC006597AF /* Build configuration list for PBXNativeTarget "Auth" */ = {
			isa = XCConfigurationList;
			buildConfigurations = (
				205A932C1E02F0AC006597AF /* Debug */,
				205A932D1E02F0AC006597AF /* Release */,
			);
			defaultConfigurationIsVisible = 0;
			defaultConfigurationName = Release;
		};
		205A93381E02F0B1006597AF /* Build configuration list for PBXNativeTarget "Database" */ = {
			isa = XCConfigurationList;
			buildConfigurations = (
				205A93391E02F0B1006597AF /* Debug */,
				205A933A1E02F0B1006597AF /* Release */,
			);
			defaultConfigurationIsVisible = 0;
			defaultConfigurationName = Release;
		};
		205A93451E02F0B5006597AF /* Build configuration list for PBXNativeTarget "Storage" */ = {
			isa = XCConfigurationList;
			buildConfigurations = (
				205A93461E02F0B5006597AF /* Debug */,
				205A93471E02F0B5006597AF /* Release */,
			);
			defaultConfigurationIsVisible = 0;
			defaultConfigurationName = Release;
		};
/* End XCConfigurationList section */
	};
	rootObject = 205A92AC1E0244A6006597AF /* Project object */;
}
